
Microsoft Visual Studio Solution File, Format Version 12.00
Project("{FAE04EC0-301F-11D3-BF4B-00C04F79EFBC}") = "Producer", "Producer\Producer.csproj", "{94EF8B56-0C52-466C-95B8-C3C2604589CF}"
EndProject
Project("{FAE04EC0-301F-11D3-BF4B-00C04F79EFBC}") = "Consumer", "Consumer\Consumer.csproj", "{A261D52C-484B-47F2-A37D-F4C2AD1376E4}"
EndProject
Project("{2150E333-8FDC-42A3-9474-1A3956D46DE8}") = "Microservices", "Microservices", "{045E40A3-D957-404B-8B02-D19B56CE35D3}"
EndProject
Project("{2150E333-8FDC-42A3-9474-1A3956D46DE8}") = "Domain", "Domain", "{36319CE9-FCCC-486E-8D0B-AC91CFAB6EB4}"
EndProject
Project("{2150E333-8FDC-42A3-9474-1A3956D46DE8}") = "Infra.Bus", "Infra.Bus", "{FF446A27-FF28-4F73-9D1C-E9A0CDAE8924}"
EndProject
Project("{2150E333-8FDC-42A3-9474-1A3956D46DE8}") = "Infra.IoC", "Infra.IoC", "{C880D110-55E1-4AD5-B341-2DB9C7685F67}"
EndProject
Project("{2150E333-8FDC-42A3-9474-1A3956D46DE8}") = "Presentation", "Presentation", "{FF1B7151-6926-46E3-97C4-C33AB203C4D8}"
EndProject
Project("{FAE04EC0-301F-11D3-BF4B-00C04F79EFBC}") = "MicroservicesrabbitMQCourse.Domain.Core", "MicroservicesrabbitMQCourse.Domain.Core\MicroservicesrabbitMQCourse.Domain.Core.csproj", "{65B695C5-E2E3-4B69-AAE3-C51A156D85ED}"
EndProject
Project("{FAE04EC0-301F-11D3-BF4B-00C04F79EFBC}") = "MicroservicesRabbitMQCourse.Infra.Bus", "MicroservicesRabbitMQCourse.Infra.Bus\MicroservicesRabbitMQCourse.Infra.Bus.csproj", "{4732573B-9E41-4839-95A0-E9BBE0987FCF}"
EndProject
Project("{FAE04EC0-301F-11D3-BF4B-00C04F79EFBC}") = "MicroservicesRabbitMQCourse.Infra.IoC", "MicroservicesRabbitMQCourse.Infra.IoC\MicroservicesRabbitMQCourse.Infra.IoC.csproj", "{EF05436B-FC26-4FEA-BF86-DC327B8FBE74}"
EndProject
Project("{2150E333-8FDC-42A3-9474-1A3956D46DE8}") = "Banking", "Banking", "{97D515EF-DFA4-47B3-ADE3-3C48612C51F6}"
EndProject
Project("{2150E333-8FDC-42A3-9474-1A3956D46DE8}") = "Api", "Api", "{7970A6A7-D2E5-4A84-96E4-16478D2E28D3}"
EndProject
Project("{2150E333-8FDC-42A3-9474-1A3956D46DE8}") = "Domain", "Domain", "{DCA9289A-15FC-463B-BB45-F25AAB1DCCF2}"
EndProject
Project("{2150E333-8FDC-42A3-9474-1A3956D46DE8}") = "Application", "Application", "{8CF7DF76-9DAB-40ED-B484-B8B6898F8DDD}"
EndProject
Project("{2150E333-8FDC-42A3-9474-1A3956D46DE8}") = "Data", "Data", "{818FCDA8-810C-43C6-969A-6FCB0526539A}"
EndProject
Project("{FAE04EC0-301F-11D3-BF4B-00C04F79EFBC}") = "MicroservicesRabbitMQCourse.Banking.Api", "MicroservicesRabbitMQCourse.Banking.Api\MicroservicesRabbitMQCourse.Banking.Api.csproj", "{C6D5A9E1-B5A9-492C-9DF1-87684B6D2E18}"
EndProject
Project("{FAE04EC0-301F-11D3-BF4B-00C04F79EFBC}") = "MicroservicesRabbitMQCourse.Banking.Application", "MicroservicesRabbitMQCourse.Banking.Application\MicroservicesRabbitMQCourse.Banking.Application.csproj", "{221ABBA0-FC51-416A-A389-3260BD0A220A}"
EndProject
Project("{FAE04EC0-301F-11D3-BF4B-00C04F79EFBC}") = "MicroservicesRabbitMQCourse.Banking.Data", "MicroservicesRabbitMQCourse.Banking.Data\MicroservicesRabbitMQCourse.Banking.Data.csproj", "{F786C8CE-705E-411F-BB78-F4D40E36B693}"
EndProject
Project("{FAE04EC0-301F-11D3-BF4B-00C04F79EFBC}") = "MicroservicesRabbitMQCourse.Banking.Domain", "MicroservicesRabbitMQCourse.Banking.Domain\MicroservicesRabbitMQCourse.Banking.Domain.csproj", "{D9D932FE-4417-4FA2-8CA2-A26FFCBBB038}"
EndProject
Global
	GlobalSection(SolutionConfigurationPlatforms) = preSolution
		Debug|Any CPU = Debug|Any CPU
		Release|Any CPU = Release|Any CPU
	EndGlobalSection
	GlobalSection(ProjectConfigurationPlatforms) = postSolution
		{94EF8B56-0C52-466C-95B8-C3C2604589CF}.Debug|Any CPU.ActiveCfg = Debug|Any CPU
		{94EF8B56-0C52-466C-95B8-C3C2604589CF}.Debug|Any CPU.Build.0 = Debug|Any CPU
		{94EF8B56-0C52-466C-95B8-C3C2604589CF}.Release|Any CPU.ActiveCfg = Release|Any CPU
		{94EF8B56-0C52-466C-95B8-C3C2604589CF}.Release|Any CPU.Build.0 = Release|Any CPU
		{A261D52C-484B-47F2-A37D-F4C2AD1376E4}.Debug|Any CPU.ActiveCfg = Debug|Any CPU
		{A261D52C-484B-47F2-A37D-F4C2AD1376E4}.Debug|Any CPU.Build.0 = Debug|Any CPU
		{A261D52C-484B-47F2-A37D-F4C2AD1376E4}.Release|Any CPU.ActiveCfg = Release|Any CPU
		{A261D52C-484B-47F2-A37D-F4C2AD1376E4}.Release|Any CPU.Build.0 = Release|Any CPU
		{65B695C5-E2E3-4B69-AAE3-C51A156D85ED}.Debug|Any CPU.ActiveCfg = Debug|Any CPU
		{65B695C5-E2E3-4B69-AAE3-C51A156D85ED}.Debug|Any CPU.Build.0 = Debug|Any CPU
		{65B695C5-E2E3-4B69-AAE3-C51A156D85ED}.Release|Any CPU.ActiveCfg = Release|Any CPU
		{65B695C5-E2E3-4B69-AAE3-C51A156D85ED}.Release|Any CPU.Build.0 = Release|Any CPU
		{4732573B-9E41-4839-95A0-E9BBE0987FCF}.Debug|Any CPU.ActiveCfg = Debug|Any CPU
		{4732573B-9E41-4839-95A0-E9BBE0987FCF}.Debug|Any CPU.Build.0 = Debug|Any CPU
		{4732573B-9E41-4839-95A0-E9BBE0987FCF}.Release|Any CPU.ActiveCfg = Release|Any CPU
		{4732573B-9E41-4839-95A0-E9BBE0987FCF}.Release|Any CPU.Build.0 = Release|Any CPU
		{EF05436B-FC26-4FEA-BF86-DC327B8FBE74}.Debug|Any CPU.ActiveCfg = Debug|Any CPU
		{EF05436B-FC26-4FEA-BF86-DC327B8FBE74}.Debug|Any CPU.Build.0 = Debug|Any CPU
		{EF05436B-FC26-4FEA-BF86-DC327B8FBE74}.Release|Any CPU.ActiveCfg = Release|Any CPU
		{EF05436B-FC26-4FEA-BF86-DC327B8FBE74}.Release|Any CPU.Build.0 = Release|Any CPU
		{C6D5A9E1-B5A9-492C-9DF1-87684B6D2E18}.Debug|Any CPU.ActiveCfg = Debug|Any CPU
		{C6D5A9E1-B5A9-492C-9DF1-87684B6D2E18}.Debug|Any CPU.Build.0 = Debug|Any CPU
		{C6D5A9E1-B5A9-492C-9DF1-87684B6D2E18}.Release|Any CPU.ActiveCfg = Release|Any CPU
		{C6D5A9E1-B5A9-492C-9DF1-87684B6D2E18}.Release|Any CPU.Build.0 = Release|Any CPU
		{221ABBA0-FC51-416A-A389-3260BD0A220A}.Debug|Any CPU.ActiveCfg = Debug|Any CPU
		{221ABBA0-FC51-416A-A389-3260BD0A220A}.Debug|Any CPU.Build.0 = Debug|Any CPU
		{221ABBA0-FC51-416A-A389-3260BD0A220A}.Release|Any CPU.ActiveCfg = Release|Any CPU
		{221ABBA0-FC51-416A-A389-3260BD0A220A}.Release|Any CPU.Build.0 = Release|Any CPU
		{F786C8CE-705E-411F-BB78-F4D40E36B693}.Debug|Any CPU.ActiveCfg = Debug|Any CPU
		{F786C8CE-705E-411F-BB78-F4D40E36B693}.Debug|Any CPU.Build.0 = Debug|Any CPU
		{F786C8CE-705E-411F-BB78-F4D40E36B693}.Release|Any CPU.ActiveCfg = Release|Any CPU
		{F786C8CE-705E-411F-BB78-F4D40E36B693}.Release|Any CPU.Build.0 = Release|Any CPU
		{D9D932FE-4417-4FA2-8CA2-A26FFCBBB038}.Debug|Any CPU.ActiveCfg = Debug|Any CPU
		{D9D932FE-4417-4FA2-8CA2-A26FFCBBB038}.Debug|Any CPU.Build.0 = Debug|Any CPU
		{D9D932FE-4417-4FA2-8CA2-A26FFCBBB038}.Release|Any CPU.ActiveCfg = Release|Any CPU
		{D9D932FE-4417-4FA2-8CA2-A26FFCBBB038}.Release|Any CPU.Build.0 = Release|Any CPU
	EndGlobalSection
	GlobalSection(NestedProjects) = preSolution
		{65B695C5-E2E3-4B69-AAE3-C51A156D85ED} = {36319CE9-FCCC-486E-8D0B-AC91CFAB6EB4}
		{4732573B-9E41-4839-95A0-E9BBE0987FCF} = {FF446A27-FF28-4F73-9D1C-E9A0CDAE8924}
		{EF05436B-FC26-4FEA-BF86-DC327B8FBE74} = {C880D110-55E1-4AD5-B341-2DB9C7685F67}
		{97D515EF-DFA4-47B3-ADE3-3C48612C51F6} = {045E40A3-D957-404B-8B02-D19B56CE35D3}
		{7970A6A7-D2E5-4A84-96E4-16478D2E28D3} = {97D515EF-DFA4-47B3-ADE3-3C48612C51F6}
		{DCA9289A-15FC-463B-BB45-F25AAB1DCCF2} = {97D515EF-DFA4-47B3-ADE3-3C48612C51F6}
		{8CF7DF76-9DAB-40ED-B484-B8B6898F8DDD} = {97D515EF-DFA4-47B3-ADE3-3C48612C51F6}
		{818FCDA8-810C-43C6-969A-6FCB0526539A} = {97D515EF-DFA4-47B3-ADE3-3C48612C51F6}
		{C6D5A9E1-B5A9-492C-9DF1-87684B6D2E18} = {7970A6A7-D2E5-4A84-96E4-16478D2E28D3}
		{221ABBA0-FC51-416A-A389-3260BD0A220A} = {8CF7DF76-9DAB-40ED-B484-B8B6898F8DDD}
		{F786C8CE-705E-411F-BB78-F4D40E36B693} = {818FCDA8-810C-43C6-969A-6FCB0526539A}
		{D9D932FE-4417-4FA2-8CA2-A26FFCBBB038} = {DCA9289A-15FC-463B-BB45-F25AAB1DCCF2}
	EndGlobalSection
EndGlobal
